// !$*UTF8*$!
{
	archiveVersion = 1;
	classes = {
	};
	objectVersion = 56;
	objects = {

/* Begin PBXBuildFile section */
		18054A782B13A8DA0035C685 /* PhotoListViewController.swift in Sources */ = {isa = PBXBuildFile; fileRef = 18054A772B13A8DA0035C685 /* PhotoListViewController.swift */; };
		1820A2952AFC30FB005705D8 /* AppDelegate.swift in Sources */ = {isa = PBXBuildFile; fileRef = 1820A2942AFC30FB005705D8 /* AppDelegate.swift */; };
		1820A2972AFC30FB005705D8 /* SceneDelegate.swift in Sources */ = {isa = PBXBuildFile; fileRef = 1820A2962AFC30FB005705D8 /* SceneDelegate.swift */; };
		1820A2992AFC30FB005705D8 /* ViewController.swift in Sources */ = {isa = PBXBuildFile; fileRef = 1820A2982AFC30FB005705D8 /* ViewController.swift */; };
		1820A29C2AFC30FB005705D8 /* Main.storyboard in Resources */ = {isa = PBXBuildFile; fileRef = 1820A29A2AFC30FB005705D8 /* Main.storyboard */; };
		1820A29F2AFC30FB005705D8 /* PexelsPractice.xcdatamodeld in Sources */ = {isa = PBXBuildFile; fileRef = 1820A29D2AFC30FB005705D8 /* PexelsPractice.xcdatamodeld */; };
		1820A2A12AFC30FD005705D8 /* Assets.xcassets in Resources */ = {isa = PBXBuildFile; fileRef = 1820A2A02AFC30FD005705D8 /* Assets.xcassets */; };
		1820A2A42AFC30FD005705D8 /* LaunchScreen.storyboard in Resources */ = {isa = PBXBuildFile; fileRef = 1820A2A22AFC30FD005705D8 /* LaunchScreen.storyboard */; };
		1820A2AC2AFC3262005705D8 /* NetworkHelper.swift in Sources */ = {isa = PBXBuildFile; fileRef = 1820A2AB2AFC3262005705D8 /* NetworkHelper.swift */; };
		182361EA2B484520005C5D60 /* PhotoDetailViewController.swift in Sources */ = {isa = PBXBuildFile; fileRef = 182361E92B484520005C5D60 /* PhotoDetailViewController.swift */; };
		184323412B5987660094D831 /* PhotoEntity+CoreDataClass.swift in Sources */ = {isa = PBXBuildFile; fileRef = 1843233F2B5987660094D831 /* PhotoEntity+CoreDataClass.swift */; };
		184323422B5987660094D831 /* PhotoEntity+CoreDataProperties.swift in Sources */ = {isa = PBXBuildFile; fileRef = 184323402B5987660094D831 /* PhotoEntity+CoreDataProperties.swift */; };
		189FF7472AFD70AB00639873 /* PhotoModel.swift in Sources */ = {isa = PBXBuildFile; fileRef = 189FF7462AFD70AB00639873 /* PhotoModel.swift */; };
		18BEBDD12B2DFE620017E832 /* PhotoTableViewCell.swift in Sources */ = {isa = PBXBuildFile; fileRef = 18BEBDD02B2DFE620017E832 /* PhotoTableViewCell.swift */; };
/* End PBXBuildFile section */

/* Begin PBXFileReference section */
		18054A772B13A8DA0035C685 /* PhotoListViewController.swift */ = {isa = PBXFileReference; lastKnownFileType = sourcecode.swift; path = PhotoListViewController.swift; sourceTree = "<group>"; };
		1820A2912AFC30FB005705D8 /* PexelsPractice.app */ = {isa = PBXFileReference; explicitFileType = wrapper.application; includeInIndex = 0; path = PexelsPractice.app; sourceTree = BUILT_PRODUCTS_DIR; };
		1820A2942AFC30FB005705D8 /* AppDelegate.swift */ = {isa = PBXFileReference; lastKnownFileType = sourcecode.swift; path = AppDelegate.swift; sourceTree = "<group>"; };
		1820A2962AFC30FB005705D8 /* SceneDelegate.swift */ = {isa = PBXFileReference; lastKnownFileType = sourcecode.swift; path = SceneDelegate.swift; sourceTree = "<group>"; };
		1820A2982AFC30FB005705D8 /* ViewController.swift */ = {isa = PBXFileReference; lastKnownFileType = sourcecode.swift; path = ViewController.swift; sourceTree = "<group>"; };
		1820A29B2AFC30FB005705D8 /* Base */ = {isa = PBXFileReference; lastKnownFileType = file.storyboard; name = Base; path = Base.lproj/Main.storyboard; sourceTree = "<group>"; };
		1820A29E2AFC30FB005705D8 /* PexelsPractice.xcdatamodel */ = {isa = PBXFileReference; lastKnownFileType = wrapper.xcdatamodel; path = PexelsPractice.xcdatamodel; sourceTree = "<group>"; };
		1820A2A02AFC30FD005705D8 /* Assets.xcassets */ = {isa = PBXFileReference; lastKnownFileType = folder.assetcatalog; path = Assets.xcassets; sourceTree = "<group>"; };
		1820A2A32AFC30FD005705D8 /* Base */ = {isa = PBXFileReference; lastKnownFileType = file.storyboard; name = Base; path = Base.lproj/LaunchScreen.storyboard; sourceTree = "<group>"; };
		1820A2A52AFC30FE005705D8 /* Info.plist */ = {isa = PBXFileReference; lastKnownFileType = text.plist.xml; path = Info.plist; sourceTree = "<group>"; };
		1820A2AB2AFC3262005705D8 /* NetworkHelper.swift */ = {isa = PBXFileReference; lastKnownFileType = sourcecode.swift; path = NetworkHelper.swift; sourceTree = "<group>"; };
		182361E92B484520005C5D60 /* PhotoDetailViewController.swift */ = {isa = PBXFileReference; lastKnownFileType = sourcecode.swift; path = PhotoDetailViewController.swift; sourceTree = "<group>"; };
		1843233F2B5987660094D831 /* PhotoEntity+CoreDataClass.swift */ = {isa = PBXFileReference; lastKnownFileType = sourcecode.swift; name = "PhotoEntity+CoreDataClass.swift"; path = "PexelsPractice/PhotoEntity+CoreDataClass.swift"; sourceTree = "<group>"; };
		184323402B5987660094D831 /* PhotoEntity+CoreDataProperties.swift */ = {isa = PBXFileReference; lastKnownFileType = sourcecode.swift; name = "PhotoEntity+CoreDataProperties.swift"; path = "PexelsPractice/PhotoEntity+CoreDataProperties.swift"; sourceTree = "<group>"; };
		189FF7462AFD70AB00639873 /* PhotoModel.swift */ = {isa = PBXFileReference; lastKnownFileType = sourcecode.swift; path = PhotoModel.swift; sourceTree = "<group>"; };
		18BEBDD02B2DFE620017E832 /* PhotoTableViewCell.swift */ = {isa = PBXFileReference; lastKnownFileType = sourcecode.swift; path = PhotoTableViewCell.swift; sourceTree = "<group>"; };
/* End PBXFileReference section */

/* Begin PBXFrameworksBuildPhase section */
		1820A28E2AFC30FB005705D8 /* Frameworks */ = {
			isa = PBXFrameworksBuildPhase;
			buildActionMask = 2147483647;
			files = (
			);
			runOnlyForDeploymentPostprocessing = 0;
		};
/* End PBXFrameworksBuildPhase section */

/* Begin PBXGroup section */
		1820A2882AFC30FB005705D8 = {
			isa = PBXGroup;
			children = (
				1843233F2B5987660094D831 /* PhotoEntity+CoreDataClass.swift */,
				184323402B5987660094D831 /* PhotoEntity+CoreDataProperties.swift */,
				1820A2932AFC30FB005705D8 /* PexelsPractice */,
				1820A2922AFC30FB005705D8 /* Products */,
			);
			sourceTree = "<group>";
		};
		1820A2922AFC30FB005705D8 /* Products */ = {
			isa = PBXGroup;
			children = (
				1820A2912AFC30FB005705D8 /* PexelsPractice.app */,
			);
			name = Products;
			sourceTree = "<group>";
		};
		1820A2932AFC30FB005705D8 /* PexelsPractice */ = {
			isa = PBXGroup;
			children = (
				1820A2942AFC30FB005705D8 /* AppDelegate.swift */,
				1820A2962AFC30FB005705D8 /* SceneDelegate.swift */,
				1820A2982AFC30FB005705D8 /* ViewController.swift */,
				1820A29A2AFC30FB005705D8 /* Main.storyboard */,
				1820A2A02AFC30FD005705D8 /* Assets.xcassets */,
				1820A2A22AFC30FD005705D8 /* LaunchScreen.storyboard */,
				1820A2A52AFC30FE005705D8 /* Info.plist */,
				1820A29D2AFC30FB005705D8 /* PexelsPractice.xcdatamodeld */,
				1820A2AB2AFC3262005705D8 /* NetworkHelper.swift */,
				189FF7462AFD70AB00639873 /* PhotoModel.swift */,
				18054A772B13A8DA0035C685 /* PhotoListViewController.swift */,
				18BEBDD02B2DFE620017E832 /* PhotoTableViewCell.swift */,
				182361E92B484520005C5D60 /* PhotoDetailViewController.swift */,
			);
			path = PexelsPractice;
			sourceTree = "<group>";
		};
/* End PBXGroup section */

/* Begin PBXNativeTarget section */
		1820A2902AFC30FB005705D8 /* PexelsPractice */ = {
			isa = PBXNativeTarget;
			buildConfigurationList = 1820A2A82AFC30FE005705D8 /* Build configuration list for PBXNativeTarget "PexelsPractice" */;
			buildPhases = (
				1820A28D2AFC30FB005705D8 /* Sources */,
				1820A28E2AFC30FB005705D8 /* Frameworks */,
				1820A28F2AFC30FB005705D8 /* Resources */,
			);
			buildRules = (
			);
			dependencies = (
			);
			name = PexelsPractice;
			productName = PexelsPractice;
			productReference = 1820A2912AFC30FB005705D8 /* PexelsPractice.app */;
			productType = "com.apple.product-type.application";
		};
/* End PBXNativeTarget section */

/* Begin PBXProject section */
		1820A2892AFC30FB005705D8 /* Project object */ = {
			isa = PBXProject;
			attributes = {
				BuildIndependentTargetsInParallel = 1;
				LastSwiftUpdateCheck = 1420;
				LastUpgradeCheck = 1420;
				TargetAttributes = {
					1820A2902AFC30FB005705D8 = {
						CreatedOnToolsVersion = 14.2;
					};
				};
			};
			buildConfigurationList = 1820A28C2AFC30FB005705D8 /* Build configuration list for PBXProject "PexelsPractice" */;
			compatibilityVersion = "Xcode 14.0";
			developmentRegion = en;
			hasScannedForEncodings = 0;
			knownRegions = (
				en,
				Base,
			);
			mainGroup = 1820A2882AFC30FB005705D8;
			productRefGroup = 1820A2922AFC30FB005705D8 /* Products */;
			projectDirPath = "";
			projectRoot = "";
			targets = (
				1820A2902AFC30FB005705D8 /* PexelsPractice */,
			);
		};
/* End PBXProject section */

/* Begin PBXResourcesBuildPhase section */
		1820A28F2AFC30FB005705D8 /* Resources */ = {
			isa = PBXResourcesBuildPhase;
			buildActionMask = 2147483647;
			files = (
				1820A2A42AFC30FD005705D8 /* LaunchScreen.storyboard in Resources */,
				1820A2A12AFC30FD005705D8 /* Assets.xcassets in Resources */,
				1820A29C2AFC30FB005705D8 /* Main.storyboard in Resources */,
			);
			runOnlyForDeploymentPostprocessing = 0;
		};
/* End PBXResourcesBuildPhase section */

/* Begin PBXSourcesBuildPhase section */
		1820A28D2AFC30FB005705D8 /* Sources */ = {
			isa = PBXSourcesBuildPhase;
			buildActionMask = 2147483647;
			files = (
				18BEBDD12B2DFE620017E832 /* PhotoTableViewCell.swift in Sources */,
				189FF7472AFD70AB00639873 /* PhotoModel.swift in Sources */,
				1820A2992AFC30FB005705D8 /* ViewController.swift in Sources */,
				1820A2952AFC30FB005705D8 /* AppDelegate.swift in Sources */,
				1820A2AC2AFC3262005705D8 /* NetworkHelper.swift in Sources */,
				184323412B5987660094D831 /* PhotoEntity+CoreDataClass.swift in Sources */,
				18054A782B13A8DA0035C685 /* PhotoListViewController.swift in Sources */,
				182361EA2B484520005C5D60 /* PhotoDetailViewController.swift in Sources */,
				184323422B5987660094D831 /* PhotoEntity+CoreDataProperties.swift in Sources */,
				1820A2972AFC30FB005705D8 /* SceneDelegate.swift in Sources */,
				1820A29F2AFC30FB005705D8 /* PexelsPractice.xcdatamodeld in Sources */,
			);
			runOnlyForDeploymentPostprocessing = 0;
		};
/* End PBXSourcesBuildPhase section */

/* Begin PBXVariantGroup section */
		1820A29A2AFC30FB005705D8 /* Main.storyboard */ = {
			isa = PBXVariantGroup;
			children = (
				1820A29B2AFC30FB005705D8 /* Base */,
			);
			name = Main.storyboard;
			sourceTree = "<group>";
		};
		1820A2A22AFC30FD005705D8 /* LaunchScreen.storyboard */ = {
			isa = PBXVariantGroup;
			children = (
				1820A2A32AFC30FD005705D8 /* Base */,
			);
			name = LaunchScreen.storyboard;
			sourceTree = "<group>";
		};
/* End PBXVariantGroup section */

/* Begin XCBuildConfiguration section */
		1820A2A62AFC30FE005705D8 /* Debug */ = {
			isa = XCBuildConfiguration;
			buildSettings = {
				ALWAYS_SEARCH_USER_PATHS = NO;
				CLANG_ANALYZER_NONNULL = YES;
				CLANG_ANALYZER_NUMBER_OBJECT_CONVERSION = YES_AGGRESSIVE;
				CLANG_CXX_LANGUAGE_STANDARD = "gnu++20";
				CLANG_ENABLE_MODULES = YES;
				CLANG_ENABLE_OBJC_ARC = YES;
				CLANG_ENABLE_OBJC_WEAK = YES;
				CLANG_WARN_BLOCK_CAPTURE_AUTORELEASING = YES;
				CLANG_WARN_BOOL_CONVERSION = YES;
				CLANG_WARN_COMMA = YES;
				CLANG_WARN_CONSTANT_CONVERSION = YES;
				CLANG_WARN_DEPRECATED_OBJC_IMPLEMENTATIONS = YES;
				CLANG_WARN_DIRECT_OBJC_ISA_USAGE = YES_ERROR;
				CLANG_WARN_DOCUMENTATION_COMMENTS = YES;
				CLANG_WARN_EMPTY_BODY = YES;
				CLANG_WARN_ENUM_CONVERSION = YES;
				CLANG_WARN_INFINITE_RECURSION = YES;
				CLANG_WARN_INT_CONVERSION = YES;
				CLANG_WARN_NON_LITERAL_NULL_CONVERSION = YES;
				CLANG_WARN_OBJC_IMPLICIT_RETAIN_SELF = YES;
				CLANG_WARN_OBJC_LITERAL_CONVERSION = YES;
				CLANG_WARN_OBJC_ROOT_CLASS = YES_ERROR;
				CLANG_WARN_QUOTED_INCLUDE_IN_FRAMEWORK_HEADER = YES;
				CLANG_WARN_RANGE_LOOP_ANALYSIS = YES;
				CLANG_WARN_STRICT_PROTOTYPES = YES;
				CLANG_WARN_SUSPICIOUS_MOVE = YES;
				CLANG_WARN_UNGUARDED_AVAILABILITY = YES_AGGRESSIVE;
				CLANG_WARN_UNREACHABLE_CODE = YES;
				CLANG_WARN__DUPLICATE_METHOD_MATCH = YES;
				COPY_PHASE_STRIP = NO;
				DEBUG_INFORMATION_FORMAT = dwarf;
				ENABLE_STRICT_OBJC_MSGSEND = YES;
				ENABLE_TESTABILITY = YES;
				GCC_C_LANGUAGE_STANDARD = gnu11;
				GCC_DYNAMIC_NO_PIC = NO;
				GCC_NO_COMMON_BLOCKS = YES;
				GCC_OPTIMIZATION_LEVEL = 0;
				GCC_PREPROCESSOR_DEFINITIONS = (
					"DEBUG=1",
					"$(inherited)",
				);
				GCC_WARN_64_TO_32_BIT_CONVERSION = YES;
				GCC_WARN_ABOUT_RETURN_TYPE = YES_ERROR;
				GCC_WARN_UNDECLARED_SELECTOR = YES;
				GCC_WARN_UNINITIALIZED_AUTOS = YES_AGGRESSIVE;
				GCC_WARN_UNUSED_FUNCTION = YES;
				GCC_WARN_UNUSED_VARIABLE = YES;
				IPHONEOS_DEPLOYMENT_TARGET = 16.2;
				MTL_ENABLE_DEBUG_INFO = INCLUDE_SOURCE;
				MTL_FAST_MATH = YES;
				ONLY_ACTIVE_ARCH = YES;
				SDKROOT = iphoneos;
				SWIFT_ACTIVE_COMPILATION_CONDITIONS = DEBUG;
				SWIFT_OPTIMIZATION_LEVEL = "-Onone";
			};
			name = Debug;
		};
		1820A2A72AFC30FE005705D8 /* Release */ = {
			isa = XCBuildConfiguration;
			buildSettings = {
				ALWAYS_SEARCH_USER_PATHS = NO;
				CLANG_ANALYZER_NONNULL = YES;
				CLANG_ANALYZER_NUMBER_OBJECT_CONVERSION = YES_AGGRESSIVE;
				CLANG_CXX_LANGUAGE_STANDARD = "gnu++20";
				CLANG_ENABLE_MODULES = YES;
				CLANG_ENABLE_OBJC_ARC = YES;
				CLANG_ENABLE_OBJC_WEAK = YES;
				CLANG_WARN_BLOCK_CAPTURE_AUTORELEASING = YES;
				CLANG_WARN_BOOL_CONVERSION = YES;
				CLANG_WARN_COMMA = YES;
				CLANG_WARN_CONSTANT_CONVERSION = YES;
				CLANG_WARN_DEPRECATED_OBJC_IMPLEMENTATIONS = YES;
				CLANG_WARN_DIRECT_OBJC_ISA_USAGE = YES_ERROR;
				CLANG_WARN_DOCUMENTATION_COMMENTS = YES;
				CLANG_WARN_EMPTY_BODY = YES;
				CLANG_WARN_ENUM_CONVERSION = YES;
				CLANG_WARN_INFINITE_RECURSION = YES;
				CLANG_WARN_INT_CONVERSION = YES;
				CLANG_WARN_NON_LITERAL_NULL_CONVERSION = YES;
				CLANG_WARN_OBJC_IMPLICIT_RETAIN_SELF = YES;
				CLANG_WARN_OBJC_LITERAL_CONVERSION = YES;
				CLANG_WARN_OBJC_ROOT_CLASS = YES_ERROR;
				CLANG_WARN_QUOTED_INCLUDE_IN_FRAMEWORK_HEADER = YES;
				CLANG_WARN_RANGE_LOOP_ANALYSIS = YES;
				CLANG_WARN_STRICT_PROTOTYPES = YES;
				CLANG_WARN_SUSPICIOUS_MOVE = YES;
				CLANG_WARN_UNGUARDED_AVAILABILITY = YES_AGGRESSIVE;
				CLANG_WARN_UNREACHABLE_CODE = YES;
				CLANG_WARN__DUPLICATE_METHOD_MATCH = YES;
				COPY_PHASE_STRIP = NO;
				DEBUG_INFORMATION_FORMAT = "dwarf-with-dsym";
				ENABLE_NS_ASSERTIONS = NO;
				ENABLE_STRICT_OBJC_MSGSEND = YES;
				GCC_C_LANGUAGE_STANDARD = gnu11;
				GCC_NO_COMMON_BLOCKS = YES;
				GCC_WARN_64_TO_32_BIT_CONVERSION = YES;
				GCC_WARN_ABOUT_RETURN_TYPE = YES_ERROR;
				GCC_WARN_UNDECLARED_SELECTOR = YES;
				GCC_WARN_UNINITIALIZED_AUTOS = YES_AGGRESSIVE;
				GCC_WARN_UNUSED_FUNCTION = YES;
				GCC_WARN_UNUSED_VARIABLE = YES;
				IPHONEOS_DEPLOYMENT_TARGET = 16.2;
				MTL_ENABLE_DEBUG_INFO = NO;
				MTL_FAST_MATH = YES;
				SDKROOT = iphoneos;
				SWIFT_COMPILATION_MODE = wholemodule;
				SWIFT_OPTIMIZATION_LEVEL = "-O";
				VALIDATE_PRODUCT = YES;
			};
			name = Release;
		};
		1820A2A92AFC30FE005705D8 /* Debug */ = {
			isa = XCBuildConfiguration;
			buildSettings = {
				ASSETCATALOG_COMPILER_APPICON_NAME = AppIcon;
				ASSETCATALOG_COMPILER_GLOBAL_ACCENT_COLOR_NAME = AccentColor;
				CODE_SIGN_STYLE = Automatic;
				CURRENT_PROJECT_VERSION = 1;
				GENERATE_INFOPLIST_FILE = YES;
				INFOPLIST_FILE = PexelsPractice/Info.plist;
				INFOPLIST_KEY_UIApplicationSupportsIndirectInputEvents = YES;
				INFOPLIST_KEY_UILaunchStoryboardName = LaunchScreen;
				INFOPLIST_KEY_UIMainStoryboardFile = Main;
				INFOPLIST_KEY_UISupportedInterfaceOrientations_iPad = "UIInterfaceOrientationPortrait UIInterfaceOrientationPortraitUpsideDown UIInterfaceOrientationLandscapeLeft UIInterfaceOrientationLandscapeRight";
				INFOPLIST_KEY_UISupportedInterfaceOrientations_iPhone = "UIInterfaceOrientationPortrait UIInterfaceOrientationLandscapeLeft UIInterfaceOrientationLandscapeRight";
				LD_RUNPATH_SEARCH_PATHS = (
					"$(inherited)",
					"@executable_path/Frameworks",
				);
				MARKETING_VERSION = 1.0;
				PRODUCT_BUNDLE_IDENTIFIER = com.sukanya.PexelsPractice;
				PRODUCT_NAME = "$(TARGET_NAME)";
				SWIFT_EMIT_LOC_STRINGS = YES;
				SWIFT_VERSION = 5.0;
				TARGETED_DEVICE_FAMILY = "1,2";
			};
			name = Debug;
		};
		1820A2AA2AFC30FE005705D8 /* Release */ = {
			isa = XCBuildConfiguration;
			buildSettings = {
				ASSETCATALOG_COMPILER_APPICON_NAME = AppIcon;
				ASSETCATALOG_COMPILER_GLOBAL_ACCENT_COLOR_NAME = AccentColor;
				CODE_SIGN_STYLE = Automatic;
				CURRENT_PROJECT_VERSION = 1;
				GENERATE_INFOPLIST_FILE = YES;
				INFOPLIST_FILE = PexelsPractice/Info.plist;
				INFOPLIST_KEY_UIApplicationSupportsIndirectInputEvents = YES;
				INFOPLIST_KEY_UILaunchStoryboardName = LaunchScreen;
				INFOPLIST_KEY_UIMainStoryboardFile = Main;
				INFOPLIST_KEY_UISupportedInterfaceOrientations_iPad = "UIInterfaceOrientationPortrait UIInterfaceOrientationPortraitUpsideDown UIInterfaceOrientationLandscapeLeft UIInterfaceOrientationLandscapeRight";
				INFOPLIST_KEY_UISupportedInterfaceOrientations_iPhone = "UIInterfaceOrientationPortrait UIInterfaceOrientationLandscapeLeft UIInterfaceOrientationLandscapeRight";
				LD_RUNPATH_SEARCH_PATHS = (
					"$(inherited)",
					"@executable_path/Frameworks",
				);
				MARKETING_VERSION = 1.0;
				PRODUCT_BUNDLE_IDENTIFIER = com.sukanya.PexelsPractice;
				PRODUCT_NAME = "$(TARGET_NAME)";
				SWIFT_EMIT_LOC_STRINGS = YES;
				SWIFT_VERSION = 5.0;
				TARGETED_DEVICE_FAMILY = "1,2";
			};
			name = Release;
		};
/* End XCBuildConfiguration section */

/* Begin XCConfigurationList section */
		1820A28C2AFC30FB005705D8 /* Build configuration list for PBXProject "PexelsPractice" */ = {
			isa = XCConfigurationList;
			buildConfigurations = (
				1820A2A62AFC30FE005705D8 /* Debug */,
				1820A2A72AFC30FE005705D8 /* Release */,
			);
			defaultConfigurationIsVisible = 0;
			defaultConfigurationName = Release;
		};
		1820A2A82AFC30FE005705D8 /* Build configuration list for PBXNativeTarget "PexelsPractice" */ = {
			isa = XCConfigurationList;
			buildConfigurations = (
				1820A2A92AFC30FE005705D8 /* Debug */,
				1820A2AA2AFC30FE005705D8 /* Release */,
			);
			defaultConfigurationIsVisible = 0;
			defaultConfigurationName = Release;
		};
/* End XCConfigurationList section */

/* Begin XCVersionGroup section */
		1820A29D2AFC30FB005705D8 /* PexelsPractice.xcdatamodeld */ = {
			isa = XCVersionGroup;
			children = (
				1820A29E2AFC30FB005705D8 /* PexelsPractice.xcdatamodel */,
			);
			currentVersion = 1820A29E2AFC30FB005705D8 /* PexelsPractice.xcdatamodel */;
			path = PexelsPractice.xcdatamodeld;
			sourceTree = "<group>";
			versionGroupType = wrapper.xcdatamodel;
		};
/* End XCVersionGroup section */
	};
	rootObject = 1820A2892AFC30FB005705D8 /* Project object */;
}
